{
  "requires": true,
  "lockfileVersion": 1,
  "dependencies": {
    "@zegocloud/zego-uikit-prebuilt": {
      "version": "1.8.1",
      "resolved": "https://registry.npmjs.org/@zegocloud/zego-uikit-prebuilt/-/zego-uikit-prebuilt-1.8.1.tgz",
      "integrity": "sha512-r4NXNX9OZzQU7pf4q1TFfieueA93bQimQsjvA4CstjeNc0ILPAflW1d+GdzAx1g2ihvUXpxNZ/O4l9mrp0Q2gA=="
    }
  }
}
